
Microsoft Visual Studio Solution File, Format Version 12.00
# Visual Studio Version 17
VisualStudioVersion = 17.3.32929.385
MinimumVisualStudioVersion = 10.0.40219.1
Project("{9A19103F-16F7-4668-BE54-9A1E7A4F7556}") = "Homework1", "Homework\Homework1.csproj", "{CABF5C34-95D8-4222-A57A-8F5C52406BCE}"
EndProject
Project("{9A19103F-16F7-4668-BE54-9A1E7A4F7556}") = "Homework2", "Homework2\Homework2.csproj", "{18140383-8B80-4C57-AB0C-27F9149A78FE}"
EndProject
Project("{9A19103F-16F7-4668-BE54-9A1E7A4F7556}") = "Pizza", "Pizza\Pizza.csproj", "{90FC2EB5-9EC2-4115-ADA6-23079F21B33B}"
EndProject
Project("{9A19103F-16F7-4668-BE54-9A1E7A4F7556}") = "Converter", "Converter\Converter.csproj", "{B5319D97-598A-42B1-B442-DF25D64FBEFE}"
EndProject
Project("{9A19103F-16F7-4668-BE54-9A1E7A4F7556}") = "ToDo", "ToDo\ToDo.csproj", "{C3685681-BE5C-479D-81A3-B1176D03A406}"
EndProject
Project("{9A19103F-16F7-4668-BE54-9A1E7A4F7556}") = "WAS", "WAS\WAS.csproj", "{A778E3F4-7F6A-4425-9D13-679B35849D78}"
EndProject
<<<<<<< HEAD
Project("{9A19103F-16F7-4668-BE54-9A1E7A4F7556}") = "MailBox", "MailBox\MailBox.csproj", "{77B23727-C99A-487C-8D2D-169C268BA8C8}"
EndProject
Project("{FAE04EC0-301F-11D3-BF4B-00C04F79EFBC}") = "Event", "Event\Event.csproj", "{C6E93BC4-86FA-4114-B86B-C6C61FC89629}"
=======
Project("{FAE04EC0-301F-11D3-BF4B-00C04F79EFBC}") = "MailBox", "MailBox\MailBox.csproj", "{77B23727-C99A-487C-8D2D-169C268BA8C8}"
>>>>>>> bec98fdbfd74a5bd3090c9bdfe94939010ee8b36
EndProject
Global
	GlobalSection(SolutionConfigurationPlatforms) = preSolution
		Debug|Any CPU = Debug|Any CPU
		Release|Any CPU = Release|Any CPU
	EndGlobalSection
	GlobalSection(ProjectConfigurationPlatforms) = postSolution
		{CABF5C34-95D8-4222-A57A-8F5C52406BCE}.Debug|Any CPU.ActiveCfg = Debug|Any CPU
		{CABF5C34-95D8-4222-A57A-8F5C52406BCE}.Debug|Any CPU.Build.0 = Debug|Any CPU
		{CABF5C34-95D8-4222-A57A-8F5C52406BCE}.Release|Any CPU.ActiveCfg = Release|Any CPU
		{CABF5C34-95D8-4222-A57A-8F5C52406BCE}.Release|Any CPU.Build.0 = Release|Any CPU
		{18140383-8B80-4C57-AB0C-27F9149A78FE}.Debug|Any CPU.ActiveCfg = Debug|Any CPU
		{18140383-8B80-4C57-AB0C-27F9149A78FE}.Debug|Any CPU.Build.0 = Debug|Any CPU
		{18140383-8B80-4C57-AB0C-27F9149A78FE}.Release|Any CPU.ActiveCfg = Release|Any CPU
		{18140383-8B80-4C57-AB0C-27F9149A78FE}.Release|Any CPU.Build.0 = Release|Any CPU
		{90FC2EB5-9EC2-4115-ADA6-23079F21B33B}.Debug|Any CPU.ActiveCfg = Debug|Any CPU
		{90FC2EB5-9EC2-4115-ADA6-23079F21B33B}.Debug|Any CPU.Build.0 = Debug|Any CPU
		{90FC2EB5-9EC2-4115-ADA6-23079F21B33B}.Release|Any CPU.ActiveCfg = Release|Any CPU
		{90FC2EB5-9EC2-4115-ADA6-23079F21B33B}.Release|Any CPU.Build.0 = Release|Any CPU
		{B5319D97-598A-42B1-B442-DF25D64FBEFE}.Debug|Any CPU.ActiveCfg = Debug|Any CPU
		{B5319D97-598A-42B1-B442-DF25D64FBEFE}.Debug|Any CPU.Build.0 = Debug|Any CPU
		{B5319D97-598A-42B1-B442-DF25D64FBEFE}.Release|Any CPU.ActiveCfg = Release|Any CPU
		{B5319D97-598A-42B1-B442-DF25D64FBEFE}.Release|Any CPU.Build.0 = Release|Any CPU
		{C3685681-BE5C-479D-81A3-B1176D03A406}.Debug|Any CPU.ActiveCfg = Debug|Any CPU
		{C3685681-BE5C-479D-81A3-B1176D03A406}.Debug|Any CPU.Build.0 = Debug|Any CPU
		{C3685681-BE5C-479D-81A3-B1176D03A406}.Release|Any CPU.ActiveCfg = Release|Any CPU
		{C3685681-BE5C-479D-81A3-B1176D03A406}.Release|Any CPU.Build.0 = Release|Any CPU
		{A778E3F4-7F6A-4425-9D13-679B35849D78}.Debug|Any CPU.ActiveCfg = Debug|Any CPU
		{A778E3F4-7F6A-4425-9D13-679B35849D78}.Debug|Any CPU.Build.0 = Debug|Any CPU
		{A778E3F4-7F6A-4425-9D13-679B35849D78}.Release|Any CPU.ActiveCfg = Release|Any CPU
		{A778E3F4-7F6A-4425-9D13-679B35849D78}.Release|Any CPU.Build.0 = Release|Any CPU
		{77B23727-C99A-487C-8D2D-169C268BA8C8}.Debug|Any CPU.ActiveCfg = Debug|Any CPU
		{77B23727-C99A-487C-8D2D-169C268BA8C8}.Debug|Any CPU.Build.0 = Debug|Any CPU
		{77B23727-C99A-487C-8D2D-169C268BA8C8}.Release|Any CPU.ActiveCfg = Release|Any CPU
		{77B23727-C99A-487C-8D2D-169C268BA8C8}.Release|Any CPU.Build.0 = Release|Any CPU
<<<<<<< HEAD
		{C6E93BC4-86FA-4114-B86B-C6C61FC89629}.Debug|Any CPU.ActiveCfg = Debug|Any CPU
		{C6E93BC4-86FA-4114-B86B-C6C61FC89629}.Debug|Any CPU.Build.0 = Debug|Any CPU
		{C6E93BC4-86FA-4114-B86B-C6C61FC89629}.Release|Any CPU.ActiveCfg = Release|Any CPU
		{C6E93BC4-86FA-4114-B86B-C6C61FC89629}.Release|Any CPU.Build.0 = Release|Any CPU
=======
>>>>>>> bec98fdbfd74a5bd3090c9bdfe94939010ee8b36
	EndGlobalSection
	GlobalSection(SolutionProperties) = preSolution
		HideSolutionNode = FALSE
	EndGlobalSection
	GlobalSection(ExtensibilityGlobals) = postSolution
		SolutionGuid = {6095E83D-26A5-4C27-BD54-A02C39287852}
	EndGlobalSection
EndGlobal
